Microsoft Visual Studio Solution File, Format Version 12.00
# Visual Studio Version 17
VisualStudioVersion = 17.5.2.0
MinimumVisualStudioVersion = 10.0.40219.1
Project("{FAE04EC0-301F-11D3-BF4B-00C04F79EFBC}") = "GerenciadorTarefasApp", "GerenciadorTarefasApp\GerenciadorTarefasApp.csproj", "{1D07B022-C29A-E032-71B5-E51EF8428636}"
EndProject
Global
	GlobalSection(SolutionConfigurationPlatforms) = preSolution
		Debug|Any CPU = Debug|Any CPU
		Release|Any CPU = Release|Any CPU
	EndGlobalSection
	GlobalSection(ProjectConfigurationPlatforms) = postSolution
		{1D07B022-C29A-E032-71B5-E51EF8428636}.Debug|Any CPU.ActiveCfg = Debug|Any CPU
		{1D07B022-C29A-E032-71B5-E51EF8428636}.Debug|Any CPU.Build.0 = Debug|Any CPU
		{1D07B022-C29A-E032-71B5-E51EF8428636}.Release|Any CPU.ActiveCfg = Release|Any CPU
		{1D07B022-C29A-E032-71B5-E51EF8428636}.Release|Any CPU.Build.0 = Release|Any CPU
	EndGlobalSection
	GlobalSection(SolutionProperties) = preSolution
		HideSolutionNode = FALSE
	EndGlobalSection
	GlobalSection(ExtensibilityGlobals) = postSolution
		SolutionGuid = {1C3FEBA3-637F-4CEB-87B9-ED950DC90C2A}
	EndGlobalSection
EndGlobal
